
Microsoft Visual Studio Solution File, Format Version 12.00
# Visual Studio Version 17
VisualStudioVersion = 17.5.33530.505
MinimumVisualStudioVersion = 10.0.40219.1
Project("{FAE04EC0-301F-11D3-BF4B-00C04F79EFBC}") = "ADUserManager", "ADUserManager\ADUserManager.csproj", "{3CDBCBA2-BF78-4591-A2C4-EAA677C43E33}"
EndProject
Global
	GlobalSection(SolutionConfigurationPlatforms) = preSolution
		Debug|Any CPU = Debug|Any CPU
		Release|Any CPU = Release|Any CPU
	EndGlobalSection
	GlobalSection(ProjectConfigurationPlatforms) = postSolution
		{3CDBCBA2-BF78-4591-A2C4-EAA677C43E33}.Debug|Any CPU.ActiveCfg = Debug|Any CPU
		{3CDBCBA2-BF78-4591-A2C4-EAA677C43E33}.Debug|Any CPU.Build.0 = Debug|Any CPU
		{3CDBCBA2-BF78-4591-A2C4-EAA677C43E33}.Release|Any CPU.ActiveCfg = Release|Any CPU
		{3CDBCBA2-BF78-4591-A2C4-EAA677C43E33}.Release|Any CPU.Build.0 = Release|Any CPU
	EndGlobalSection
	GlobalSection(SolutionProperties) = preSolution
		HideSolutionNode = FALSE
	EndGlobalSection
	GlobalSection(ExtensibilityGlobals) = postSolution
		SolutionGuid = {8168F832-3C34-4ECD-B008-DEF272257A3A}
	EndGlobalSection
EndGlobal
